<?xml version="1.0" encoding="utf-8"?>
<Project ToolsVersion="4.0" xmlns="http://schemas.microsoft.com/developer/msbuild/2003">
  <ItemGroup>
    <ClCompile Include="Render\Camera.cpp">
      <Filter>Render</Filter>
    </ClCompile>
    <ClCompile Include="Render\Render.cpp">
      <Filter>Render</Filter>
    </ClCompile>
    <ClCompile Include="RenderUtils.cpp" />
    <ClCompile Include="main.cpp" />
    <ClCompile Include="callbacks.cpp" />
    <ClCompile Include="vector3d.cpp" />
    <ClCompile Include="Scene.cpp" />
    <ClCompile Include="Scenes\Scene1.cpp" />
    <ClCompile Include="ParticleGenerator.cpp" />
    <ClCompile Include="Scenes\Scene2.cpp" />
    <ClCompile Include="ParticleGenerators\GaussianParticleGenerator.cpp" />
    <ClCompile Include="ParticleGenerators\UniformParticleGenerator.cpp" />
    <ClCompile Include="ForceGenerator.cpp" />
    <ClCompile Include="DirectionalForceGenerator.cpp" />
    <ClCompile Include="GravitationalForceGenerator.cpp" />
    <ClCompile Include="WindForceGenerator.cpp" />
    <ClCompile Include="WhirlwindForceGenerator.cpp" />
    <ClCompile Include="ExplosionForceGenerator.cpp" />
    <ClCompile Include="ProjectScene.cpp" />
    <ClCompile Include="Spaceship.cpp" />
    <ClCompile Include="KeyboardState.cpp" />
    <ClCompile Include="SpringForceGenerator.cpp" />
    <ClCompile Include="Scene3.cpp" />
    <ClCompile Include="FloatForceGenerator.cpp" />
    <ClCompile Include="RubberBandForceGenerator.cpp" />
    <ClCompile Include="PhysxParticle.cpp" />
    <ClCompile Include="CustomParticle.cpp" />
    <ClCompile Include="PhysicsUtils.cpp" />
    <ClCompile Include="StaticBody.cpp" />
  </ItemGroup>
  <ItemGroup>
    <ClInclude Include="core.hpp" />
    <ClInclude Include="Render\Camera.h">
      <Filter>Render</Filter>
    </ClInclude>
    <ClInclude Include="Render\Render.h">
      <Filter>Render</Filter>
    </ClInclude>
    <ClInclude Include="RenderUtils.hpp" />
    <ClInclude Include="callbacks.hpp" />
    <ClInclude Include="vector3d.h" />
    <ClInclude Include="Entities\Particles.h" />
    <ClInclude Include="Scene.h" />
    <ClInclude Include="Scenes\Scene1.h" />
    <ClInclude Include="ParticleSystem.h" />
    <ClInclude Include="ParticleGenerator.h" />
    <ClInclude Include="Scenes\Scene2.h" />
    <ClInclude Include="ParticleGenerators\GaussianParticleGenerator.h" />
    <ClInclude Include="ParticleGenerators\UniformParticleGenerator.h" />
    <ClInclude Include="ForceGenerator.h" />
    <ClInclude Include="DirectionalForceGenerator.h" />
    <ClInclude Include="GravitationalForceGenerator.h" />
    <ClInclude Include="WindForceGenerator.h" />
    <ClInclude Include="WhirlwindForceGenerator.h" />
    <ClInclude Include="ExplosionForceGenerator.h" />
    <ClInclude Include="UpdateableObject.h" />
    <ClInclude Include="ProjectScene.h" />
    <ClInclude Include="Spaceship.h" />
    <ClInclude Include="KeyboardState.h" />
    <ClInclude Include="SpringForceGenerator.h" />
    <ClInclude Include="Scene3.h" />
    <ClInclude Include="FloatForceGenerator.h" />
    <ClInclude Include="RubberBandForceGenerator.h" />
    <ClInclude Include="PhysxParticle.h" />
    <ClInclude Include="CustomParticle.h" />
    <ClInclude Include="PhysicsUtils.h" />
    <ClInclude Include="StaticBody.h" />
    <ClInclude Include="OperationUtils.h" />
  </ItemGroup>
  <ItemGroup>
    <Filter Include="Render">
      <UniqueIdentifier>{d04b4f9f-5a69-465e-8070-25c6d0bcd3c2}</UniqueIdentifier>
    </Filter>
  </ItemGroup>
</Project>